
Microsoft Visual Studio Solution File, Format Version 12.00
# Visual Studio Version 17
VisualStudioVersion = 17.1.32210.238
MinimumVisualStudioVersion = 10.0.40219.1
Project("{FAE04EC0-301F-11D3-BF4B-00C04F79EFBC}") = "WinForm", "WinForm\WinForm.csproj", "{1656DFB9-8D54-42F7-BC7B-247EB2F5BB3C}"
EndProject
Global
	GlobalSection(SolutionConfigurationPlatforms) = preSolution
		Debug|Any CPU = Debug|Any CPU
		Release|Any CPU = Release|Any CPU
	EndGlobalSection
	GlobalSection(ProjectConfigurationPlatforms) = postSolution
		{1656DFB9-8D54-42F7-BC7B-247EB2F5BB3C}.Debug|Any CPU.ActiveCfg = Debug|Any CPU
		{1656DFB9-8D54-42F7-BC7B-247EB2F5BB3C}.Debug|Any CPU.Build.0 = Debug|Any CPU
		{1656DFB9-8D54-42F7-BC7B-247EB2F5BB3C}.Release|Any CPU.ActiveCfg = Release|Any CPU
		{1656DFB9-8D54-42F7-BC7B-247EB2F5BB3C}.Release|Any CPU.Build.0 = Release|Any CPU
	EndGlobalSection
	GlobalSection(SolutionProperties) = preSolution
		HideSolutionNode = FALSE
	EndGlobalSection
	GlobalSection(ExtensibilityGlobals) = postSolution
		SolutionGuid = {1FE0DAC8-52AD-4783-BE9E-DA13BF33C9AF}
	EndGlobalSection
EndGlobal
