
Microsoft Visual Studio Solution File, Format Version 12.00
# Visual Studio Version 17
VisualStudioVersion = 17.1.32210.238
MinimumVisualStudioVersion = 10.0.40219.1
Project("{FAE04EC0-301F-11D3-BF4B-00C04F79EFBC}") = "TestDB", "TestDB\TestDB.csproj", "{136E8A12-95C3-4DAA-B535-749CAA0A5A04}"
EndProject
Global
	GlobalSection(SolutionConfigurationPlatforms) = preSolution
		Debug|Any CPU = Debug|Any CPU
		Release|Any CPU = Release|Any CPU
	EndGlobalSection
	GlobalSection(ProjectConfigurationPlatforms) = postSolution
		{136E8A12-95C3-4DAA-B535-749CAA0A5A04}.Debug|Any CPU.ActiveCfg = Debug|Any CPU
		{136E8A12-95C3-4DAA-B535-749CAA0A5A04}.Debug|Any CPU.Build.0 = Debug|Any CPU
		{136E8A12-95C3-4DAA-B535-749CAA0A5A04}.Release|Any CPU.ActiveCfg = Release|Any CPU
		{136E8A12-95C3-4DAA-B535-749CAA0A5A04}.Release|Any CPU.Build.0 = Release|Any CPU
	EndGlobalSection
	GlobalSection(SolutionProperties) = preSolution
		HideSolutionNode = FALSE
	EndGlobalSection
	GlobalSection(ExtensibilityGlobals) = postSolution
		SolutionGuid = {FCA7ECA8-CBA3-4516-A145-8E6C67781ABC}
	EndGlobalSection
EndGlobal
